
Microsoft Visual Studio Solution File, Format Version 12.00
# Visual Studio Version 17
VisualStudioVersion = 17.5.2.0
MinimumVisualStudioVersion = 10.0.40219.1
Project("{FAE04EC0-301F-11D3-BF4B-00C04F79EFBC}") = "Gamified Self Improvement", "Gamified Self Improvement.csproj", "{18E708A9-515F-1FCE-3316-70E53A3A05A6}"
EndProject
Project("{FAE04EC0-301F-11D3-BF4B-00C04F79EFBC}") = "Gamified.SelfImprovement.Tests", "Gamified.SelfImprovement.Tests\Gamified.SelfImprovement.Tests.csproj", "{721BA6DD-308C-4B98-8847-D081CABFC972}"
EndProject
Global
	GlobalSection(SolutionConfigurationPlatforms) = preSolution
		Debug|Any CPU = Debug|Any CPU
		Debug|x64 = Debug|x64
		Debug|x86 = Debug|x86
		Release|Any CPU = Release|Any CPU
		Release|x64 = Release|x64
		Release|x86 = Release|x86
	EndGlobalSection
	GlobalSection(ProjectConfigurationPlatforms) = postSolution
		{18E708A9-515F-1FCE-3316-70E53A3A05A6}.Debug|Any CPU.ActiveCfg = Debug|Any CPU
		{18E708A9-515F-1FCE-3316-70E53A3A05A6}.Debug|Any CPU.Build.0 = Debug|Any CPU
		{18E708A9-515F-1FCE-3316-70E53A3A05A6}.Debug|x64.ActiveCfg = Debug|Any CPU
		{18E708A9-515F-1FCE-3316-70E53A3A05A6}.Debug|x64.Build.0 = Debug|Any CPU
		{18E708A9-515F-1FCE-3316-70E53A3A05A6}.Debug|x86.ActiveCfg = Debug|Any CPU
		{18E708A9-515F-1FCE-3316-70E53A3A05A6}.Debug|x86.Build.0 = Debug|Any CPU
		{18E708A9-515F-1FCE-3316-70E53A3A05A6}.Release|Any CPU.ActiveCfg = Release|Any CPU
		{18E708A9-515F-1FCE-3316-70E53A3A05A6}.Release|Any CPU.Build.0 = Release|Any CPU
		{18E708A9-515F-1FCE-3316-70E53A3A05A6}.Release|x64.ActiveCfg = Release|Any CPU
		{18E708A9-515F-1FCE-3316-70E53A3A05A6}.Release|x64.Build.0 = Release|Any CPU
		{18E708A9-515F-1FCE-3316-70E53A3A05A6}.Release|x86.ActiveCfg = Release|Any CPU
		{18E708A9-515F-1FCE-3316-70E53A3A05A6}.Release|x86.Build.0 = Release|Any CPU
		{721BA6DD-308C-4B98-8847-D081CABFC972}.Debug|Any CPU.ActiveCfg = Debug|Any CPU
		{721BA6DD-308C-4B98-8847-D081CABFC972}.Debug|Any CPU.Build.0 = Debug|Any CPU
		{721BA6DD-308C-4B98-8847-D081CABFC972}.Debug|x64.ActiveCfg = Debug|Any CPU
		{721BA6DD-308C-4B98-8847-D081CABFC972}.Debug|x64.Build.0 = Debug|Any CPU
		{721BA6DD-308C-4B98-8847-D081CABFC972}.Debug|x86.ActiveCfg = Debug|Any CPU
		{721BA6DD-308C-4B98-8847-D081CABFC972}.Debug|x86.Build.0 = Debug|Any CPU
		{721BA6DD-308C-4B98-8847-D081CABFC972}.Release|Any CPU.ActiveCfg = Release|Any CPU
		{721BA6DD-308C-4B98-8847-D081CABFC972}.Release|Any CPU.Build.0 = Release|Any CPU
		{721BA6DD-308C-4B98-8847-D081CABFC972}.Release|x64.ActiveCfg = Release|Any CPU
		{721BA6DD-308C-4B98-8847-D081CABFC972}.Release|x64.Build.0 = Release|Any CPU
		{721BA6DD-308C-4B98-8847-D081CABFC972}.Release|x86.ActiveCfg = Release|Any CPU
		{721BA6DD-308C-4B98-8847-D081CABFC972}.Release|x86.Build.0 = Release|Any CPU
	EndGlobalSection
	GlobalSection(SolutionProperties) = preSolution
		HideSolutionNode = FALSE
	EndGlobalSection
	GlobalSection(ExtensibilityGlobals) = postSolution
		SolutionGuid = {94C1FA44-592A-44D8-B83E-3570567D8F5E}
	EndGlobalSection
EndGlobal
